
Microsoft Visual Studio Solution File, Format Version 12.00
# Visual Studio Version 17
VisualStudioVersion = 17.0.31912.275
MinimumVisualStudioVersion = 10.0.40219.1
Project("{FAE04EC0-301F-11D3-BF4B-00C04F79EFBC}") = "folium", "folium\folium.csproj", "{BAFE946E-E3DD-4EEC-B9FB-8CD80730F0DD}"
EndProject
Global
	GlobalSection(SolutionConfigurationPlatforms) = preSolution
		Debug|Any CPU = Debug|Any CPU
		Release|Any CPU = Release|Any CPU
	EndGlobalSection
	GlobalSection(ProjectConfigurationPlatforms) = postSolution
		{BAFE946E-E3DD-4EEC-B9FB-8CD80730F0DD}.Debug|Any CPU.ActiveCfg = Debug|Any CPU
		{BAFE946E-E3DD-4EEC-B9FB-8CD80730F0DD}.Debug|Any CPU.Build.0 = Debug|Any CPU
		{BAFE946E-E3DD-4EEC-B9FB-8CD80730F0DD}.Release|Any CPU.ActiveCfg = Release|Any CPU
		{BAFE946E-E3DD-4EEC-B9FB-8CD80730F0DD}.Release|Any CPU.Build.0 = Release|Any CPU
	EndGlobalSection
	GlobalSection(SolutionProperties) = preSolution
		HideSolutionNode = FALSE
	EndGlobalSection
	GlobalSection(ExtensibilityGlobals) = postSolution
		SolutionGuid = {E5E02A47-4E8C-40C8-8EC7-04BB99A944F8}
	EndGlobalSection
EndGlobal
